# This file was autogenerated by Stack.
# You should not edit this file by hand.
# For more information, please see the documentation at:
#   https://docs.haskellstack.org/en/stable/topics/lock_files

packages:
- completed:
    hackage: megaparsec-9.6.1@sha256:8d8f8ee5aca5d5c16aa4219afd13687ceab8be640f40ba179359f2b42a628241,3323
    pantry-tree:
      sha256: ac654040a2402a733496678905ee17198bf628d75032dd025d595bd329739af8
      size: 1545
  original:
    hackage: megaparsec-9.6.1
- completed:
    hackage: aeson-2.2.1.0@sha256:a23a61aada8233e10573e1612c0b2efe5a1aba0d59b05dbe2f63301822f136cb,6582
    pantry-tree:
      sha256: 8a50c54b9ecba80ecc3df3ea67faa4d155d6f6a6b3e342c74f3e6b0dcdc87e13
      size: 83518
  original:
    hackage: aeson-2.2.1.0
- completed:
    hackage: hspec-2.11.7@sha256:2869580a2a29e7beb6268ea3dc561583f4ae229ed1f47fb1c92e8c09ce35acec,1763
    pantry-tree:
      sha256: f241a7710ebee50583f9aebff61aaf4d36619ba7d6538b39b80ee4695c70552e
      size: 584
  original:
    hackage: hspec-2.11.7
snapshots:
- completed:
    sha256: db422bffc7b66cea3ad1dfa71440d1209e37b6233c4080eb2ea1fb9b91eacde5
    size: 726109
    url: https://raw.githubusercontent.com/commercialhaskell/stackage-snapshots/master/lts/24/17.yaml
  original:
    url: https://raw.githubusercontent.com/commercialhaskell/stackage-snapshots/master/lts/24/17.yaml
